// !$*UTF8*$!
{
	archiveVersion = 1;
	classes = {
	};
	objectVersion = 56;
	objects = {

/* Begin PBXBuildFile section */
		824DF0E2294A2170005002D1 /* AppDelegate.swift in Sources */ = {isa = PBXBuildFile; fileRef = 824DF0E1294A2170005002D1 /* AppDelegate.swift */; };
		824DF0E4294A2170005002D1 /* SceneDelegate.swift in Sources */ = {isa = PBXBuildFile; fileRef = 824DF0E3294A2170005002D1 /* SceneDelegate.swift */; };
		824DF0E6294A2170005002D1 /* MainViewController.swift in Sources */ = {isa = PBXBuildFile; fileRef = 824DF0E5294A2170005002D1 /* MainViewController.swift */; };
		824DF0E9294A2170005002D1 /* Main.storyboard in Resources */ = {isa = PBXBuildFile; fileRef = 824DF0E7294A2170005002D1 /* Main.storyboard */; };
		824DF0EB294A2172005002D1 /* Assets.xcassets in Resources */ = {isa = PBXBuildFile; fileRef = 824DF0EA294A2172005002D1 /* Assets.xcassets */; };
		824DF0EE294A2172005002D1 /* LaunchScreen.storyboard in Resources */ = {isa = PBXBuildFile; fileRef = 824DF0EC294A2172005002D1 /* LaunchScreen.storyboard */; };
		824DF102294A2E11005002D1 /* Links.swift in Sources */ = {isa = PBXBuildFile; fileRef = 824DF101294A2E11005002D1 /* Links.swift */; };
		824DF104294A3547005002D1 /* Coctails.swift in Sources */ = {isa = PBXBuildFile; fileRef = 824DF103294A3547005002D1 /* Coctails.swift */; };
		824DF106294A3E38005002D1 /* NetworkManager.swift in Sources */ = {isa = PBXBuildFile; fileRef = 824DF105294A3E38005002D1 /* NetworkManager.swift */; };
		82C6AC39294F2FFD00A5FEDD /* LlistCoctailsViewController.swift in Sources */ = {isa = PBXBuildFile; fileRef = 82C6AC38294F2FFD00A5FEDD /* LlistCoctailsViewController.swift */; };
		82C6AC3B294F30D600A5FEDD /* CoctailRecipeViewController.swift in Sources */ = {isa = PBXBuildFile; fileRef = 82C6AC3A294F30D600A5FEDD /* CoctailRecipeViewController.swift */; };
		82C6AC3D294F39D700A5FEDD /* ListCoctailsSell.swift in Sources */ = {isa = PBXBuildFile; fileRef = 82C6AC3C294F39D700A5FEDD /* ListCoctailsSell.swift */; };
		82C6AC40294F3A5400A5FEDD /* CoctailSell.swift in Sources */ = {isa = PBXBuildFile; fileRef = 82C6AC3F294F3A5400A5FEDD /* CoctailSell.swift */; };
/* End PBXBuildFile section */

/* Begin PBXFileReference section */
		824DF0DE294A2170005002D1 /* CocktailRecipes.app */ = {isa = PBXFileReference; explicitFileType = wrapper.application; includeInIndex = 0; path = CocktailRecipes.app; sourceTree = BUILT_PRODUCTS_DIR; };
		824DF0E1294A2170005002D1 /* AppDelegate.swift */ = {isa = PBXFileReference; lastKnownFileType = sourcecode.swift; path = AppDelegate.swift; sourceTree = "<group>"; };
		824DF0E3294A2170005002D1 /* SceneDelegate.swift */ = {isa = PBXFileReference; lastKnownFileType = sourcecode.swift; path = SceneDelegate.swift; sourceTree = "<group>"; };
		824DF0E5294A2170005002D1 /* MainViewController.swift */ = {isa = PBXFileReference; lastKnownFileType = sourcecode.swift; path = MainViewController.swift; sourceTree = "<group>"; };
		824DF0E8294A2170005002D1 /* Base */ = {isa = PBXFileReference; lastKnownFileType = file.storyboard; name = Base; path = Base.lproj/Main.storyboard; sourceTree = "<group>"; };
		824DF0EA294A2172005002D1 /* Assets.xcassets */ = {isa = PBXFileReference; lastKnownFileType = folder.assetcatalog; path = Assets.xcassets; sourceTree = "<group>"; };
		824DF0ED294A2172005002D1 /* Base */ = {isa = PBXFileReference; lastKnownFileType = file.storyboard; name = Base; path = Base.lproj/LaunchScreen.storyboard; sourceTree = "<group>"; };
		824DF0EF294A2172005002D1 /* Info.plist */ = {isa = PBXFileReference; lastKnownFileType = text.plist.xml; path = Info.plist; sourceTree = "<group>"; };
		824DF101294A2E11005002D1 /* Links.swift */ = {isa = PBXFileReference; lastKnownFileType = sourcecode.swift; path = Links.swift; sourceTree = "<group>"; };
		824DF103294A3547005002D1 /* Coctails.swift */ = {isa = PBXFileReference; lastKnownFileType = sourcecode.swift; path = Coctails.swift; sourceTree = "<group>"; };
		824DF105294A3E38005002D1 /* NetworkManager.swift */ = {isa = PBXFileReference; lastKnownFileType = sourcecode.swift; path = NetworkManager.swift; sourceTree = "<group>"; };
		82C6AC38294F2FFD00A5FEDD /* LlistCoctailsViewController.swift */ = {isa = PBXFileReference; lastKnownFileType = sourcecode.swift; path = LlistCoctailsViewController.swift; sourceTree = "<group>"; };
		82C6AC3A294F30D600A5FEDD /* CoctailRecipeViewController.swift */ = {isa = PBXFileReference; lastKnownFileType = sourcecode.swift; path = CoctailRecipeViewController.swift; sourceTree = "<group>"; };
		82C6AC3C294F39D700A5FEDD /* ListCoctailsSell.swift */ = {isa = PBXFileReference; lastKnownFileType = sourcecode.swift; path = ListCoctailsSell.swift; sourceTree = "<group>"; };
		82C6AC3F294F3A5400A5FEDD /* CoctailSell.swift */ = {isa = PBXFileReference; lastKnownFileType = sourcecode.swift; path = CoctailSell.swift; sourceTree = "<group>"; };
/* End PBXFileReference section */

/* Begin PBXFrameworksBuildPhase section */
		824DF0DB294A2170005002D1 /* Frameworks */ = {
			isa = PBXFrameworksBuildPhase;
			buildActionMask = 2147483647;
			files = (
			);
			runOnlyForDeploymentPostprocessing = 0;
		};
/* End PBXFrameworksBuildPhase section */

/* Begin PBXGroup section */
		824DF0D5294A2170005002D1 = {
			isa = PBXGroup;
			children = (
				824DF0E0294A2170005002D1 /* CocktailRecipes */,
				824DF0DF294A2170005002D1 /* Products */,
			);
			sourceTree = "<group>";
		};
		824DF0DF294A2170005002D1 /* Products */ = {
			isa = PBXGroup;
			children = (
				824DF0DE294A2170005002D1 /* CocktailRecipes.app */,
			);
			name = Products;
			sourceTree = "<group>";
		};
		824DF0E0294A2170005002D1 /* CocktailRecipes */ = {
			isa = PBXGroup;
			children = (
				82C6AC3E294F39E100A5FEDD /* Views */,
				824DF0F9294A2302005002D1 /* Storyboards */,
				824DF0F7294A22BC005002D1 /* Models */,
				824DF0F5294A2266005002D1 /* Networking */,
				824DF0F6294A2285005002D1 /* ViewControllers */,
				824DF0FA294A2317005002D1 /* App */,
				824DF0FB294A2327005002D1 /* Resourses */,
			);
			path = CocktailRecipes;
			sourceTree = "<group>";
		};
		824DF0F5294A2266005002D1 /* Networking */ = {
			isa = PBXGroup;
			children = (
				824DF101294A2E11005002D1 /* Links.swift */,
				824DF105294A3E38005002D1 /* NetworkManager.swift */,
			);
			path = Networking;
			sourceTree = "<group>";
		};
		824DF0F6294A2285005002D1 /* ViewControllers */ = {
			isa = PBXGroup;
			children = (
				824DF0E5294A2170005002D1 /* MainViewController.swift */,
				82C6AC38294F2FFD00A5FEDD /* LlistCoctailsViewController.swift */,
				82C6AC3A294F30D600A5FEDD /* CoctailRecipeViewController.swift */,
			);
			path = ViewControllers;
			sourceTree = "<group>";
		};
		824DF0F7294A22BC005002D1 /* Models */ = {
			isa = PBXGroup;
			children = (
				824DF103294A3547005002D1 /* Coctails.swift */,
			);
			path = Models;
			sourceTree = "<group>";
		};
		824DF0F9294A2302005002D1 /* Storyboards */ = {
			isa = PBXGroup;
			children = (
				824DF0E7294A2170005002D1 /* Main.storyboard */,
				824DF0EC294A2172005002D1 /* LaunchScreen.storyboard */,
			);
			path = Storyboards;
			sourceTree = "<group>";
		};
		824DF0FA294A2317005002D1 /* App */ = {
			isa = PBXGroup;
			children = (
				824DF0EF294A2172005002D1 /* Info.plist */,
				824DF0E1294A2170005002D1 /* AppDelegate.swift */,
				824DF0E3294A2170005002D1 /* SceneDelegate.swift */,
			);
			path = App;
			sourceTree = "<group>";
		};
		824DF0FB294A2327005002D1 /* Resourses */ = {
			isa = PBXGroup;
			children = (
				824DF0EA294A2172005002D1 /* Assets.xcassets */,
			);
			path = Resourses;
			sourceTree = "<group>";
		};
		82C6AC3E294F39E100A5FEDD /* Views */ = {
			isa = PBXGroup;
			children = (
				82C6AC3C294F39D700A5FEDD /* ListCoctailsSell.swift */,
				82C6AC3F294F3A5400A5FEDD /* CoctailSell.swift */,
			);
			path = Views;
			sourceTree = "<group>";
		};
/* End PBXGroup section */

/* Begin PBXNativeTarget section */
		824DF0DD294A2170005002D1 /* CocktailRecipes */ = {
			isa = PBXNativeTarget;
			buildConfigurationList = 824DF0F2294A2172005002D1 /* Build configuration list for PBXNativeTarget "CocktailRecipes" */;
			buildPhases = (
				824DF0DA294A2170005002D1 /* Sources */,
				824DF0DB294A2170005002D1 /* Frameworks */,
				824DF0DC294A2170005002D1 /* Resources */,
			);
			buildRules = (
			);
			dependencies = (
			);
			name = CocktailRecipes;
			productName = Teamplate;
			productReference = 824DF0DE294A2170005002D1 /* CocktailRecipes.app */;
			productType = "com.apple.product-type.application";
		};
/* End PBXNativeTarget section */

/* Begin PBXProject section */
		824DF0D6294A2170005002D1 /* Project object */ = {
			isa = PBXProject;
			attributes = {
				BuildIndependentTargetsInParallel = 1;
				LastSwiftUpdateCheck = 1410;
				LastUpgradeCheck = 1410;
				TargetAttributes = {
					824DF0DD294A2170005002D1 = {
						CreatedOnToolsVersion = 14.1;
					};
				};
			};
			buildConfigurationList = 824DF0D9294A2170005002D1 /* Build configuration list for PBXProject "CocktailRecipes" */;
			compatibilityVersion = "Xcode 14.0";
			developmentRegion = en;
			hasScannedForEncodings = 0;
			knownRegions = (
				en,
				Base,
			);
			mainGroup = 824DF0D5294A2170005002D1;
			productRefGroup = 824DF0DF294A2170005002D1 /* Products */;
			projectDirPath = "";
			projectRoot = "";
			targets = (
				824DF0DD294A2170005002D1 /* CocktailRecipes */,
			);
		};
/* End PBXProject section */

/* Begin PBXResourcesBuildPhase section */
		824DF0DC294A2170005002D1 /* Resources */ = {
			isa = PBXResourcesBuildPhase;
			buildActionMask = 2147483647;
			files = (
				824DF0EE294A2172005002D1 /* LaunchScreen.storyboard in Resources */,
				824DF0EB294A2172005002D1 /* Assets.xcassets in Resources */,
				824DF0E9294A2170005002D1 /* Main.storyboard in Resources */,
			);
			runOnlyForDeploymentPostprocessing = 0;
		};
/* End PBXResourcesBuildPhase section */

/* Begin PBXSourcesBuildPhase section */
		824DF0DA294A2170005002D1 /* Sources */ = {
			isa = PBXSourcesBuildPhase;
			buildActionMask = 2147483647;
			files = (
				824DF106294A3E38005002D1 /* NetworkManager.swift in Sources */,
				824DF0E6294A2170005002D1 /* MainViewController.swift in Sources */,
				824DF0E2294A2170005002D1 /* AppDelegate.swift in Sources */,
				824DF104294A3547005002D1 /* Coctails.swift in Sources */,
				82C6AC39294F2FFD00A5FEDD /* LlistCoctailsViewController.swift in Sources */,
				82C6AC40294F3A5400A5FEDD /* CoctailSell.swift in Sources */,
				82C6AC3D294F39D700A5FEDD /* ListCoctailsSell.swift in Sources */,
				824DF0E4294A2170005002D1 /* SceneDelegate.swift in Sources */,
				82C6AC3B294F30D600A5FEDD /* CoctailRecipeViewController.swift in Sources */,
				824DF102294A2E11005002D1 /* Links.swift in Sources */,
			);
			runOnlyForDeploymentPostprocessing = 0;
		};
/* End PBXSourcesBuildPhase section */

/* Begin PBXVariantGroup section */
		824DF0E7294A2170005002D1 /* Main.storyboard */ = {
			isa = PBXVariantGroup;
			children = (
				824DF0E8294A2170005002D1 /* Base */,
			);
			name = Main.storyboard;
			sourceTree = "<group>";
		};
		824DF0EC294A2172005002D1 /* LaunchScreen.storyboard */ = {
			isa = PBXVariantGroup;
			children = (
				824DF0ED294A2172005002D1 /* Base */,
			);
			name = LaunchScreen.storyboard;
			sourceTree = "<group>";
		};
/* End PBXVariantGroup section */

/* Begin XCBuildConfiguration section */
		824DF0F0294A2172005002D1 /* Debug */ = {
			isa = XCBuildConfiguration;
			buildSettings = {
				ALWAYS_SEARCH_USER_PATHS = NO;
				CLANG_ANALYZER_NONNULL = YES;
				CLANG_ANALYZER_NUMBER_OBJECT_CONVERSION = YES_AGGRESSIVE;
				CLANG_CXX_LANGUAGE_STANDARD = "gnu++20";
				CLANG_ENABLE_MODULES = YES;
				CLANG_ENABLE_OBJC_ARC = YES;
				CLANG_ENABLE_OBJC_WEAK = YES;
				CLANG_WARN_BLOCK_CAPTURE_AUTORELEASING = YES;
				CLANG_WARN_BOOL_CONVERSION = YES;
				CLANG_WARN_COMMA = YES;
				CLANG_WARN_CONSTANT_CONVERSION = YES;
				CLANG_WARN_DEPRECATED_OBJC_IMPLEMENTATIONS = YES;
				CLANG_WARN_DIRECT_OBJC_ISA_USAGE = YES_ERROR;
				CLANG_WARN_DOCUMENTATION_COMMENTS = YES;
				CLANG_WARN_EMPTY_BODY = YES;
				CLANG_WARN_ENUM_CONVERSION = YES;
				CLANG_WARN_INFINITE_RECURSION = YES;
				CLANG_WARN_INT_CONVERSION = YES;
				CLANG_WARN_NON_LITERAL_NULL_CONVERSION = YES;
				CLANG_WARN_OBJC_IMPLICIT_RETAIN_SELF = YES;
				CLANG_WARN_OBJC_LITERAL_CONVERSION = YES;
				CLANG_WARN_OBJC_ROOT_CLASS = YES_ERROR;
				CLANG_WARN_QUOTED_INCLUDE_IN_FRAMEWORK_HEADER = YES;
				CLANG_WARN_RANGE_LOOP_ANALYSIS = YES;
				CLANG_WARN_STRICT_PROTOTYPES = YES;
				CLANG_WARN_SUSPICIOUS_MOVE = YES;
				CLANG_WARN_UNGUARDED_AVAILABILITY = YES_AGGRESSIVE;
				CLANG_WARN_UNREACHABLE_CODE = YES;
				CLANG_WARN__DUPLICATE_METHOD_MATCH = YES;
				COPY_PHASE_STRIP = NO;
				DEBUG_INFORMATION_FORMAT = dwarf;
				ENABLE_STRICT_OBJC_MSGSEND = YES;
				ENABLE_TESTABILITY = YES;
				GCC_C_LANGUAGE_STANDARD = gnu11;
				GCC_DYNAMIC_NO_PIC = NO;
				GCC_NO_COMMON_BLOCKS = YES;
				GCC_OPTIMIZATION_LEVEL = 0;
				GCC_PREPROCESSOR_DEFINITIONS = (
					"DEBUG=1",
					"$(inherited)",
				);
				GCC_WARN_64_TO_32_BIT_CONVERSION = YES;
				GCC_WARN_ABOUT_RETURN_TYPE = YES_ERROR;
				GCC_WARN_UNDECLARED_SELECTOR = YES;
				GCC_WARN_UNINITIALIZED_AUTOS = YES_AGGRESSIVE;
				GCC_WARN_UNUSED_FUNCTION = YES;
				GCC_WARN_UNUSED_VARIABLE = YES;
				IPHONEOS_DEPLOYMENT_TARGET = 16.1;
				MTL_ENABLE_DEBUG_INFO = INCLUDE_SOURCE;
				MTL_FAST_MATH = YES;
				ONLY_ACTIVE_ARCH = YES;
				SDKROOT = iphoneos;
				SWIFT_ACTIVE_COMPILATION_CONDITIONS = DEBUG;
				SWIFT_OPTIMIZATION_LEVEL = "-Onone";
			};
			name = Debug;
		};
		824DF0F1294A2172005002D1 /* Release */ = {
			isa = XCBuildConfiguration;
			buildSettings = {
				ALWAYS_SEARCH_USER_PATHS = NO;
				CLANG_ANALYZER_NONNULL = YES;
				CLANG_ANALYZER_NUMBER_OBJECT_CONVERSION = YES_AGGRESSIVE;
				CLANG_CXX_LANGUAGE_STANDARD = "gnu++20";
				CLANG_ENABLE_MODULES = YES;
				CLANG_ENABLE_OBJC_ARC = YES;
				CLANG_ENABLE_OBJC_WEAK = YES;
				CLANG_WARN_BLOCK_CAPTURE_AUTORELEASING = YES;
				CLANG_WARN_BOOL_CONVERSION = YES;
				CLANG_WARN_COMMA = YES;
				CLANG_WARN_CONSTANT_CONVERSION = YES;
				CLANG_WARN_DEPRECATED_OBJC_IMPLEMENTATIONS = YES;
				CLANG_WARN_DIRECT_OBJC_ISA_USAGE = YES_ERROR;
				CLANG_WARN_DOCUMENTATION_COMMENTS = YES;
				CLANG_WARN_EMPTY_BODY = YES;
				CLANG_WARN_ENUM_CONVERSION = YES;
				CLANG_WARN_INFINITE_RECURSION = YES;
				CLANG_WARN_INT_CONVERSION = YES;
				CLANG_WARN_NON_LITERAL_NULL_CONVERSION = YES;
				CLANG_WARN_OBJC_IMPLICIT_RETAIN_SELF = YES;
				CLANG_WARN_OBJC_LITERAL_CONVERSION = YES;
				CLANG_WARN_OBJC_ROOT_CLASS = YES_ERROR;
				CLANG_WARN_QUOTED_INCLUDE_IN_FRAMEWORK_HEADER = YES;
				CLANG_WARN_RANGE_LOOP_ANALYSIS = YES;
				CLANG_WARN_STRICT_PROTOTYPES = YES;
				CLANG_WARN_SUSPICIOUS_MOVE = YES;
				CLANG_WARN_UNGUARDED_AVAILABILITY = YES_AGGRESSIVE;
				CLANG_WARN_UNREACHABLE_CODE = YES;
				CLANG_WARN__DUPLICATE_METHOD_MATCH = YES;
				COPY_PHASE_STRIP = NO;
				DEBUG_INFORMATION_FORMAT = "dwarf-with-dsym";
				ENABLE_NS_ASSERTIONS = NO;
				ENABLE_STRICT_OBJC_MSGSEND = YES;
				GCC_C_LANGUAGE_STANDARD = gnu11;
				GCC_NO_COMMON_BLOCKS = YES;
				GCC_WARN_64_TO_32_BIT_CONVERSION = YES;
				GCC_WARN_ABOUT_RETURN_TYPE = YES_ERROR;
				GCC_WARN_UNDECLARED_SELECTOR = YES;
				GCC_WARN_UNINITIALIZED_AUTOS = YES_AGGRESSIVE;
				GCC_WARN_UNUSED_FUNCTION = YES;
				GCC_WARN_UNUSED_VARIABLE = YES;
				IPHONEOS_DEPLOYMENT_TARGET = 16.1;
				MTL_ENABLE_DEBUG_INFO = NO;
				MTL_FAST_MATH = YES;
				SDKROOT = iphoneos;
				SWIFT_COMPILATION_MODE = wholemodule;
				SWIFT_OPTIMIZATION_LEVEL = "-O";
				VALIDATE_PRODUCT = YES;
			};
			name = Release;
		};
		824DF0F3294A2172005002D1 /* Debug */ = {
			isa = XCBuildConfiguration;
			buildSettings = {
				ASSETCATALOG_COMPILER_APPICON_NAME = AppIcon;
				ASSETCATALOG_COMPILER_GLOBAL_ACCENT_COLOR_NAME = AccentColor;
				CODE_SIGN_STYLE = Automatic;
				CURRENT_PROJECT_VERSION = 1;
				DEVELOPMENT_TEAM = 6T8ACJHK4P;
				GENERATE_INFOPLIST_FILE = YES;
				INFOPLIST_FILE = CocktailRecipes/App/Info.plist;
				INFOPLIST_KEY_UIApplicationSupportsIndirectInputEvents = YES;
				INFOPLIST_KEY_UILaunchStoryboardName = LaunchScreen;
				INFOPLIST_KEY_UIMainStoryboardFile = Main;
				INFOPLIST_KEY_UISupportedInterfaceOrientations_iPad = "UIInterfaceOrientationPortrait UIInterfaceOrientationPortraitUpsideDown UIInterfaceOrientationLandscapeLeft UIInterfaceOrientationLandscapeRight";
				INFOPLIST_KEY_UISupportedInterfaceOrientations_iPhone = "UIInterfaceOrientationPortrait UIInterfaceOrientationLandscapeLeft UIInterfaceOrientationLandscapeRight";
				LD_RUNPATH_SEARCH_PATHS = (
					"$(inherited)",
					"@executable_path/Frameworks",
				);
				MARKETING_VERSION = 1.0;
				PRODUCT_BUNDLE_IDENTIFIER = MobileDevOps.Teamplate;
				PRODUCT_NAME = "$(TARGET_NAME)";
				SUPPORTED_PLATFORMS = "iphoneos iphonesimulator";
				SUPPORTS_MACCATALYST = NO;
				SUPPORTS_MAC_DESIGNED_FOR_IPHONE_IPAD = NO;
				SWIFT_EMIT_LOC_STRINGS = YES;
				SWIFT_VERSION = 5.0;
				TARGETED_DEVICE_FAMILY = 1;
			};
			name = Debug;
		};
		824DF0F4294A2172005002D1 /* Release */ = {
			isa = XCBuildConfiguration;
			buildSettings = {
				ASSETCATALOG_COMPILER_APPICON_NAME = AppIcon;
				ASSETCATALOG_COMPILER_GLOBAL_ACCENT_COLOR_NAME = AccentColor;
				CODE_SIGN_STYLE = Automatic;
				CURRENT_PROJECT_VERSION = 1;
				DEVELOPMENT_TEAM = 6T8ACJHK4P;
				GENERATE_INFOPLIST_FILE = YES;
				INFOPLIST_FILE = CocktailRecipes/App/Info.plist;
				INFOPLIST_KEY_UIApplicationSupportsIndirectInputEvents = YES;
				INFOPLIST_KEY_UILaunchStoryboardName = LaunchScreen;
				INFOPLIST_KEY_UIMainStoryboardFile = Main;
				INFOPLIST_KEY_UISupportedInterfaceOrientations_iPad = "UIInterfaceOrientationPortrait UIInterfaceOrientationPortraitUpsideDown UIInterfaceOrientationLandscapeLeft UIInterfaceOrientationLandscapeRight";
				INFOPLIST_KEY_UISupportedInterfaceOrientations_iPhone = "UIInterfaceOrientationPortrait UIInterfaceOrientationLandscapeLeft UIInterfaceOrientationLandscapeRight";
				LD_RUNPATH_SEARCH_PATHS = (
					"$(inherited)",
					"@executable_path/Frameworks",
				);
				MARKETING_VERSION = 1.0;
				PRODUCT_BUNDLE_IDENTIFIER = MobileDevOps.Teamplate;
				PRODUCT_NAME = "$(TARGET_NAME)";
				SUPPORTED_PLATFORMS = "iphoneos iphonesimulator";
				SUPPORTS_MACCATALYST = NO;
				SUPPORTS_MAC_DESIGNED_FOR_IPHONE_IPAD = NO;
				SWIFT_EMIT_LOC_STRINGS = YES;
				SWIFT_VERSION = 5.0;
				TARGETED_DEVICE_FAMILY = 1;
			};
			name = Release;
		};
/* End XCBuildConfiguration section */

/* Begin XCConfigurationList section */
		824DF0D9294A2170005002D1 /* Build configuration list for PBXProject "CocktailRecipes" */ = {
			isa = XCConfigurationList;
			buildConfigurations = (
				824DF0F0294A2172005002D1 /* Debug */,
				824DF0F1294A2172005002D1 /* Release */,
			);
			defaultConfigurationIsVisible = 0;
			defaultConfigurationName = Release;
		};
		824DF0F2294A2172005002D1 /* Build configuration list for PBXNativeTarget "CocktailRecipes" */ = {
			isa = XCConfigurationList;
			buildConfigurations = (
				824DF0F3294A2172005002D1 /* Debug */,
				824DF0F4294A2172005002D1 /* Release */,
			);
			defaultConfigurationIsVisible = 0;
			defaultConfigurationName = Release;
		};
/* End XCConfigurationList section */
	};
	rootObject = 824DF0D6294A2170005002D1 /* Project object */;
}
